# This file is automatically @generated by Cargo.
# It is not intended for manual editing.
[[package]]
name = "bootloader"
version = "0.9.2"
source = "registry+https://github.com/rust-lang/crates.io-index"
checksum = "dd5c4922d54a9033cfdf75d4fd23945461e9d2c1d979c8f5b237e5471f11dddc"

[[package]]
name = "wasp"
version = "0.1.0"
dependencies = [
 "bootloader",
]
